[[package]]
name = "algoliasearch"
version = "2.6.0"
requires_python = "!=3.0.*,!=3.1.*,!=3.2.*,!=3.3.*,>=2.7"
summary = "Algolia Search API Client for Python."
dependencies = [
    "requests<3.0,>=2.21",
]

[[package]]
name = "blinker"
version = "1.4"
summary = "Fast, simple object-to-object and broadcast signaling"

[[package]]
name = "certifi"
version = "2021.10.8"
summary = "Python package for providing Mozilla's CA Bundle."

[[package]]
name = "charset-normalizer"
version = "2.0.7"
requires_python = ">=3.5.0"
summary = "The Real First Universal Charset Detector. Open, modern and actively maintained alternative to Chardet."

[[package]]
name = "colorama"
version = "0.4.4"
requires_python = ">=2.7, !=3.0.*, !=3.1.*, !=3.2.*, !=3.3.*, !=3.4.*"
summary = "Cross-platform colored terminal text."

[[package]]
name = "commonmark"
version = "0.9.1"
summary = "Python parser for the CommonMark Markdown spec"

[[package]]
name = "docutils"
version = "0.18"
requires_python = ">=2.7, !=3.0.*, !=3.1.*, !=3.2.*, !=3.3.*, !=3.4.*"
summary = "Docutils -- Python Documentation Utilities"

[[package]]
name = "feedgenerator"
version = "2.0.0"
requires_python = ">=3.6"
summary = "Standalone version of django.utils.feedgenerator"
dependencies = [
    "pytz>=0a",
]

[[package]]
name = "idna"
version = "3.3"
requires_python = ">=3.5"
summary = "Internationalized Domain Names in Applications (IDNA)"

[[package]]
name = "jinja2"
version = "3.0.2"
requires_python = ">=3.6"
summary = "A very fast and expressive template engine."
dependencies = [
    "MarkupSafe>=2.0",
]

[[package]]
name = "markdown"
version = "3.3.4"
requires_python = ">=3.6"
summary = "Python implementation of Markdown."

[[package]]
name = "MarkupSafe"
version = "2.0.1"
requires_python = ">=3.6"
summary = "Safely add untrusted strings to HTML/XML markup."

[[package]]
name = "minify-html"
version = "0.6.10"
summary = "Extremely fast and smart HTML + JS + CSS minifier"

[[package]]
name = "pelican"
version = "4.7.1"
requires_python = ">=3.6,<4.0"
summary = "Static site generator supporting Markdown and reStructuredText"
dependencies = [
    "blinker>=1.4",
    "docutils>=0.16",
    "feedgenerator>=1.9",
    "jinja2>=2.7",
    "pygments>=2.6",
    "python-dateutil>=2.8",
    "pytz>=2020.1",
    "rich>=10.1",
    "unidecode>=1.1",
]

[[package]]
name = "pelican-related-posts"
version = "1.0.0"
requires_python = ">=3.6,<4.0"
summary = "Pelican plugin that adds a list of related posts to an article."
dependencies = [
    "pelican<5.0,>=4.5",
]

[[package]]
name = "pelican-sitemap"
version = "1.0.2"
requires_python = ">=3.6,<4.0"
summary = "Pelican plugin to generate sitemap in plain-text or XML format"
dependencies = [
    "pelican<5.0,>=4.5",
]

[[package]]
name = "pelican-tag-cloud"
version = "1.0.1"
requires_python = ">=3.6.2,<4.0"
summary = "Pelican plugin that generates a tag cloud from post tags"
dependencies = [
    "pelican>=4.5",
]

[[package]]
name = "pelican"
version = "4.7.1"
extras = ["markdown"]
requires_python = ">=3.6,<4.0"
summary = "Static site generator supporting Markdown and reStructuredText"
dependencies = [
    "blinker>=1.4",
    "docutils>=0.16",
    "feedgenerator>=1.9",
    "jinja2>=2.7",
    "markdown>=3.1",
    "pelican==4.7.1",
    "pygments>=2.6",
    "python-dateutil>=2.8",
    "pytz>=2020.1",
    "rich>=10.1",
    "unidecode>=1.1",
]

[[package]]
name = "pygments"
version = "2.10.0"
requires_python = ">=3.5"
summary = "Pygments is a syntax highlighting package written in Python."

[[package]]
name = "python-dateutil"
version = "2.8.2"
requires_python = "!=3.0.*,!=3.1.*,!=3.2.*,>=2.7"
summary = "Extensions to the standard Python datetime module"
dependencies = [
    "six>=1.5",
]

[[package]]
name = "pytz"
version = "2021.3"
summary = "World timezone definitions, modern and historical"

[[package]]
name = "requests"
version = "2.26.0"
requires_python = ">=2.7, !=3.0.*, !=3.1.*, !=3.2.*, !=3.3.*, !=3.4.*, !=3.5.*"
summary = "Python HTTP for Humans."
dependencies = [
    "certifi>=2017.4.17",
    "charset-normalizer~=2.0.0; python_version >= \"3\"",
    "idna<4,>=2.5; python_version >= \"3\"",
    "urllib3<1.27,>=1.21.1",
]

[[package]]
name = "rich"
version = "10.12.0"
requires_python = ">=3.6.2,<4.0.0"
summary = "Render rich text, tables, progress bars, syntax highlighting, markdown and more to the terminal"
dependencies = [
    "colorama<0.5.0,>=0.4.0",
    "commonmark<0.10.0,>=0.9.0",
    "pygments<3.0.0,>=2.6.0",
]

[[package]]
name = "six"
version = "1.16.0"
requires_python = ">=2.7, !=3.0.*, !=3.1.*, !=3.2.*"
summary = "Python 2 and 3 compatibility utilities"

[[package]]
name = "unidecode"
version = "1.3.2"
requires_python = ">=3.5"
summary = "ASCII transliterations of Unicode text"

[[package]]
name = "urllib3"
version = "1.26.7"
requires_python = ">=2.7, !=3.0.*, !=3.1.*, !=3.2.*, !=3.3.*, !=3.4.*, <4"
summary = "HTTP library with thread-safe connection pooling, file post, and more."

[metadata]
lock_version = "3.1"
content_hash = "sha256:54b7032bca8abc7373a48920630241c843e36fd9944a3be7e333cad6215423ed"

[metadata.files]
"algoliasearch 2.6.0" = [
    {file = "algoliasearch-2.6.0-py2.py3-none-any.whl", hash = "sha256:f4c115fc27589d097de617ddcbf2ed83efac47d180523e54e42d54fd6a658eb4"},
    {file = "algoliasearch-2.6.0.tar.gz", hash = "sha256:3c6ecf88fc4ab319d93857dbf334c368a3f6b6242d4e1e5729031163ad515786"},
]
"blinker 1.4" = [
    {file = "blinker-1.4.tar.gz", hash = "sha256:471aee25f3992bd325afa3772f1063dbdbbca947a041b8b89466dc00d606f8b6"},
]
"certifi 2021.10.8" = [
    {file = "certifi-2021.10.8-py2.py3-none-any.whl", hash = "sha256:d62a0163eb4c2344ac042ab2bdf75399a71a2d8c7d47eac2e2ee91b9d6339569"},
    {file = "certifi-2021.10.8.tar.gz", hash = "sha256:78884e7c1d4b00ce3cea67b44566851c4343c120abd683433ce934a68ea58872"},
]
"charset-normalizer 2.0.7" = [
    {file = "charset_normalizer-2.0.7-py3-none-any.whl", hash = "sha256:f7af805c321bfa1ce6714c51f254e0d5bb5e5834039bc17db7ebe3a4cec9492b"},
    {file = "charset-normalizer-2.0.7.tar.gz", hash = "sha256:e019de665e2bcf9c2b64e2e5aa025fa991da8720daa3c1138cadd2fd1856aed0"},
]
"colorama 0.4.4" = [
    {file = "colorama-0.4.4-py2.py3-none-any.whl", hash = "sha256:9f47eda37229f68eee03b24b9748937c7dc3868f906e8ba69fbcbdd3bc5dc3e2"},
    {file = "colorama-0.4.4.tar.gz", hash = "sha256:5941b2b48a20143d2267e95b1c2a7603ce057ee39fd88e7329b0c292aa16869b"},
]
"commonmark 0.9.1" = [
    {file = "commonmark-0.9.1-py2.py3-none-any.whl", hash = "sha256:da2f38c92590f83de410ba1a3cbceafbc74fee9def35f9251ba9a971d6d66fd9"},
    {file = "commonmark-0.9.1.tar.gz", hash = "sha256:452f9dc859be7f06631ddcb328b6919c67984aca654e5fefb3914d54691aed60"},
]
"docutils 0.18" = [
    {file = "docutils-0.18-py2.py3-none-any.whl", hash = "sha256:a31688b2ea858517fa54293e5d5df06fbb875fb1f7e4c64529271b77781ca8fc"},
    {file = "docutils-0.18.tar.gz", hash = "sha256:c1d5dab2b11d16397406a282e53953fe495a46d69ae329f55aa98a5c4e3c5fbb"},
]
"feedgenerator 2.0.0" = [
    {file = "feedgenerator-2.0.0-py3-none-any.whl", hash = "sha256:fc4a1e557f56b072d4f9a1b062cc98ea3691133bbd966d85707a7d5629b2e32e"},
    {file = "feedgenerator-2.0.0.tar.gz", hash = "sha256:6836d456b8b0edbc5b6d3a42d1be852cebd43d2f28af4ff51789eb295f1860e2"},
]
"idna 3.3" = [
    {file = "idna-3.3-py3-none-any.whl", hash = "sha256:84d9dd047ffa80596e0f246e2eab0b391788b0503584e8945f2368256d2735ff"},
    {file = "idna-3.3.tar.gz", hash = "sha256:9d643ff0a55b762d5cdb124b8eaa99c66322e2157b69160bc32796e824360e6d"},
]
"jinja2 3.0.2" = [
    {file = "Jinja2-3.0.2-py3-none-any.whl", hash = "sha256:8569982d3f0889eed11dd620c706d39b60c36d6d25843961f33f77fb6bc6b20c"},
    {file = "Jinja2-3.0.2.tar.gz", hash = "sha256:827a0e32839ab1600d4eb1c4c33ec5a8edfbc5cb42dafa13b81f182f97784b45"},
]
"markdown 3.3.4" = [
    {file = "Markdown-3.3.4-py3-none-any.whl", hash = "sha256:96c3ba1261de2f7547b46a00ea8463832c921d3f9d6aba3f255a6f71386db20c"},
    {file = "Markdown-3.3.4.tar.gz", hash = "sha256:31b5b491868dcc87d6c24b7e3d19a0d730d59d3e46f4eea6430a321bed387a49"},
]
"markupsafe 2.0.1" = [
    {file = "MarkupSafe-2.0.1-cp310-cp310-macosx_10_9_universal2.whl", hash = "sha256:d8446c54dc28c01e5a2dbac5a25f071f6653e6e40f3a8818e8b45d790fe6ef53"},
    {file = "MarkupSafe-2.0.1-cp310-cp310-macosx_10_9_x86_64.whl", hash = "sha256:36bc903cbb393720fad60fc28c10de6acf10dc6cc883f3e24ee4012371399a38"},
    {file = "MarkupSafe-2.0.1-cp310-cp310-manylinux_2_17_aarch64.manylinux2014_aarch64.whl", hash = "sha256:2d7d807855b419fc2ed3e631034685db6079889a1f01d5d9dac950f764da3dad"},
    {file = "MarkupSafe-2.0.1-cp310-cp310-manylinux_2_5_i686.manylinux1_i686.manylinux_2_12_i686.manylinux2010_i686.whl", hash = "sha256:add36cb2dbb8b736611303cd3bfcee00afd96471b09cda130da3581cbdc56a6d"},
    {file = "MarkupSafe-2.0.1-cp310-cp310-manylinux_2_5_x86_64.manylinux1_x86_64.manylinux_2_12_x86_64.manylinux2010_x86_64.whl", hash = "sha256:168cd0a3642de83558a5153c8bd34f175a9a6e7f6dc6384b9655d2697312a646"},
    {file = "MarkupSafe-2.0.1-cp310-cp310-musllinux_1_1_aarch64.whl", hash = "sha256:4dc8f9fb58f7364b63fd9f85013b780ef83c11857ae79f2feda41e270468dd9b"},
    {file = "MarkupSafe-2.0.1-cp310-cp310-musllinux_1_1_i686.whl", hash = "sha256:20dca64a3ef2d6e4d5d615a3fd418ad3bde77a47ec8a23d984a12b5b4c74491a"},
    {file = "MarkupSafe-2.0.1-cp310-cp310-musllinux_1_1_x86_64.whl", hash = "sha256:cdfba22ea2f0029c9261a4bd07e830a8da012291fbe44dc794e488b6c9bb353a"},
    {file = "MarkupSafe-2.0.1-cp310-cp310-win32.whl", hash = "sha256:99df47edb6bda1249d3e80fdabb1dab8c08ef3975f69aed437cb69d0a5de1e28"},
    {file = "MarkupSafe-2.0.1-cp310-cp310-win_amd64.whl", hash = "sha256:e0f138900af21926a02425cf736db95be9f4af72ba1bb21453432a07f6082134"},
    {file = "MarkupSafe-2.0.1-cp36-cp36m-macosx_10_9_x86_64.whl", hash = "sha256:f9081981fe268bd86831e5c75f7de206ef275defcb82bc70740ae6dc507aee51"},
    {file = "MarkupSafe-2.0.1-cp36-cp36m-manylinux1_i686.whl", hash = "sha256:0955295dd5eec6cb6cc2fe1698f4c6d84af2e92de33fbcac4111913cd100a6ff"},
    {file = "MarkupSafe-2.0.1-cp36-cp36m-manylinux1_x86_64.whl", hash = "sha256:0446679737af14f45767963a1a9ef7620189912317d095f2d9ffa183a4d25d2b"},
    {file = "MarkupSafe-2.0.1-cp36-cp36m-manylinux2010_i686.whl", hash = "sha256:f826e31d18b516f653fe296d967d700fddad5901ae07c622bb3705955e1faa94"},
    {file = "MarkupSafe-2.0.1-cp36-cp36m-manylinux2010_x86_64.whl", hash = "sha256:fa130dd50c57d53368c9d59395cb5526eda596d3ffe36666cd81a44d56e48872"},
    {file = "MarkupSafe-2.0.1-cp36-cp36m-manylinux2014_aarch64.whl", hash = "sha256:905fec760bd2fa1388bb5b489ee8ee5f7291d692638ea5f67982d968366bef9f"},
    {file = "MarkupSafe-2.0.1-cp36-cp36m-manylinux_2_17_aarch64.manylinux2014_aarch64.whl", hash = "sha256:bf5d821ffabf0ef3533c39c518f3357b171a1651c1ff6827325e4489b0e46c3c"},
    {file = "MarkupSafe-2.0.1-cp36-cp36m-manylinux_2_5_i686.manylinux1_i686.manylinux_2_12_i686.manylinux2010_i686.whl", hash = "sha256:0d4b31cc67ab36e3392bbf3862cfbadac3db12bdd8b02a2731f509ed5b829724"},
    {file = "MarkupSafe-2.0.1-cp36-cp36m-manylinux_2_5_x86_64.manylinux1_x86_64.manylinux_2_12_x86_64.manylinux2010_x86_64.whl", hash = "sha256:baa1a4e8f868845af802979fcdbf0bb11f94f1cb7ced4c4b8a351bb60d108145"},
    {file = "MarkupSafe-2.0.1-cp36-cp36m-musllinux_1_1_aarch64.whl", hash = "sha256:deb993cacb280823246a026e3b2d81c493c53de6acfd5e6bfe31ab3402bb37dd"},
    {file = "MarkupSafe-2.0.1-cp36-cp36m-musllinux_1_1_i686.whl", hash = "sha256:63f3268ba69ace99cab4e3e3b5840b03340efed0948ab8f78d2fd87ee5442a4f"},
    {file = "MarkupSafe-2.0.1-cp36-cp36m-musllinux_1_1_x86_64.whl", hash = "sha256:8d206346619592c6200148b01a2142798c989edcb9c896f9ac9722a99d4e77e6"},
    {file = "MarkupSafe-2.0.1-cp36-cp36m-win32.whl", hash = "sha256:6c4ca60fa24e85fe25b912b01e62cb969d69a23a5d5867682dd3e80b5b02581d"},
    {file = "MarkupSafe-2.0.1-cp36-cp36m-win_amd64.whl", hash = "sha256:b2f4bf27480f5e5e8ce285a8c8fd176c0b03e93dcc6646477d4630e83440c6a9"},
    {file = "MarkupSafe-2.0.1-cp37-cp37m-macosx_10_9_x86_64.whl", hash = "sha256:0717a7390a68be14b8c793ba258e075c6f4ca819f15edfc2a3a027c823718567"},
    {file = "MarkupSafe-2.0.1-cp37-cp37m-manylinux1_i686.whl", hash = "sha256:6557b31b5e2c9ddf0de32a691f2312a32f77cd7681d8af66c2692efdbef84c18"},
    {file = "MarkupSafe-2.0.1-cp37-cp37m-manylinux1_x86_64.whl", hash = "sha256:49e3ceeabbfb9d66c3aef5af3a60cc43b85c33df25ce03d0031a608b0a8b2e3f"},
    {file = "MarkupSafe-2.0.1-cp37-cp37m-manylinux2010_i686.whl", hash = "sha256:d7f9850398e85aba693bb640262d3611788b1f29a79f0c93c565694658f4071f"},
    {file = "MarkupSafe-2.0.1-cp37-cp37m-manylinux2010_x86_64.whl", hash = "sha256:6a7fae0dd14cf60ad5ff42baa2e95727c3d81ded453457771d02b7d2b3f9c0c2"},
    {file = "MarkupSafe-2.0.1-cp37-cp37m-manylinux2014_aarch64.whl", hash = "sha256:b7f2d075102dc8c794cbde1947378051c4e5180d52d276987b8d28a3bd58c17d"},
    {file = "MarkupSafe-2.0.1-cp37-cp37m-manylinux_2_17_aarch64.manylinux2014_aarch64.whl", hash = "sha256:e9936f0b261d4df76ad22f8fee3ae83b60d7c3e871292cd42f40b81b70afae85"},
    {file = "MarkupSafe-2.0.1-cp37-cp37m-manylinux_2_5_i686.manylinux1_i686.manylinux_2_12_i686.manylinux2010_i686.whl", hash = "sha256:2a7d351cbd8cfeb19ca00de495e224dea7e7d919659c2841bbb7f420ad03e2d6"},
    {file = "MarkupSafe-2.0.1-cp37-cp37m-manylinux_2_5_x86_64.manylinux1_x86_64.manylinux_2_12_x86_64.manylinux2010_x86_64.whl", hash = "sha256:60bf42e36abfaf9aff1f50f52644b336d4f0a3fd6d8a60ca0d054ac9f713a864"},
    {file = "MarkupSafe-2.0.1-cp37-cp37m-musllinux_1_1_aarch64.whl", hash = "sha256:d6c7ebd4e944c85e2c3421e612a7057a2f48d478d79e61800d81468a8d842207"},
    {file = "MarkupSafe-2.0.1-cp37-cp37m-musllinux_1_1_i686.whl", hash = "sha256:f0567c4dc99f264f49fe27da5f735f414c4e7e7dd850cfd8e69f0862d7c74ea9"},
    {file = "MarkupSafe-2.0.1-cp37-cp37m-musllinux_1_1_x86_64.whl", hash = "sha256:89c687013cb1cd489a0f0ac24febe8c7a666e6e221b783e53ac50ebf68e45d86"},
    {file = "MarkupSafe-2.0.1-cp37-cp37m-win32.whl", hash = "sha256:a30e67a65b53ea0a5e62fe23682cfe22712e01f453b95233b25502f7c61cb415"},
    {file = "MarkupSafe-2.0.1-cp37-cp37m-win_amd64.whl", hash = "sha256:611d1ad9a4288cf3e3c16014564df047fe08410e628f89805e475368bd304914"},
    {file = "MarkupSafe-2.0.1-cp38-cp38-macosx_10_9_universal2.whl", hash = "sha256:5bb28c636d87e840583ee3adeb78172efc47c8b26127267f54a9c0ec251d41a9"},
    {file = "MarkupSafe-2.0.1-cp38-cp38-macosx_10_9_x86_64.whl", hash = "sha256:be98f628055368795d818ebf93da628541e10b75b41c559fdf36d104c5787066"},
    {file = "MarkupSafe-2.0.1-cp38-cp38-manylinux1_i686.whl", hash = "sha256:1d609f577dc6e1aa17d746f8bd3c31aa4d258f4070d61b2aa5c4166c1539de35"},
    {file = "MarkupSafe-2.0.1-cp38-cp38-manylinux1_x86_64.whl", hash = "sha256:7d91275b0245b1da4d4cfa07e0faedd5b0812efc15b702576d103293e252af1b"},
    {file = "MarkupSafe-2.0.1-cp38-cp38-manylinux2010_i686.whl", hash = "sha256:01a9b8ea66f1658938f65b93a85ebe8bc016e6769611be228d797c9d998dd298"},
    {file = "MarkupSafe-2.0.1-cp38-cp38-manylinux2010_x86_64.whl", hash = "sha256:47ab1e7b91c098ab893b828deafa1203de86d0bc6ab587b160f78fe6c4011f75"},
    {file = "MarkupSafe-2.0.1-cp38-cp38-manylinux2014_aarch64.whl", hash = "sha256:97383d78eb34da7e1fa37dd273c20ad4320929af65d156e35a5e2d89566d9dfb"},
    {file = "MarkupSafe-2.0.1-cp38-cp38-manylinux_2_17_aarch64.manylinux2014_aarch64.whl", hash = "sha256:6fcf051089389abe060c9cd7caa212c707e58153afa2c649f00346ce6d260f1b"},
    {file = "MarkupSafe-2.0.1-cp38-cp38-manylinux_2_5_i686.manylinux1_i686.manylinux_2_12_i686.manylinux2010_i686.whl", hash = "sha256:5855f8438a7d1d458206a2466bf82b0f104a3724bf96a1c781ab731e4201731a"},
    {file = "MarkupSafe-2.0.1-cp38-cp38-manylinux_2_5_x86_64.manylinux1_x86_64.manylinux_2_12_x86_64.manylinux2010_x86_64.whl", hash = "sha256:3dd007d54ee88b46be476e293f48c85048603f5f516008bee124ddd891398ed6"},
    {file = "MarkupSafe-2.0.1-cp38-cp38-musllinux_1_1_aarch64.whl", hash = "sha256:aca6377c0cb8a8253e493c6b451565ac77e98c2951c45f913e0b52facdcff83f"},
    {file = "MarkupSafe-2.0.1-cp38-cp38-musllinux_1_1_i686.whl", hash = "sha256:04635854b943835a6ea959e948d19dcd311762c5c0c6e1f0e16ee57022669194"},
    {file = "MarkupSafe-2.0.1-cp38-cp38-musllinux_1_1_x86_64.whl", hash = "sha256:6300b8454aa6930a24b9618fbb54b5a68135092bc666f7b06901f897fa5c2fee"},
    {file = "MarkupSafe-2.0.1-cp38-cp38-win32.whl", hash = "sha256:023cb26ec21ece8dc3907c0e8320058b2e0cb3c55cf9564da612bc325bed5e64"},
    {file = "MarkupSafe-2.0.1-cp38-cp38-win_amd64.whl", hash = "sha256:984d76483eb32f1bcb536dc27e4ad56bba4baa70be32fa87152832cdd9db0833"},
    {file = "MarkupSafe-2.0.1-cp39-cp39-macosx_10_9_universal2.whl", hash = "sha256:2ef54abee730b502252bcdf31b10dacb0a416229b72c18b19e24a4509f273d26"},
    {file = "MarkupSafe-2.0.1-cp39-cp39-macosx_10_9_x86_64.whl", hash = "sha256:3c112550557578c26af18a1ccc9e090bfe03832ae994343cfdacd287db6a6ae7"},
    {file = "MarkupSafe-2.0.1-cp39-cp39-manylinux1_i686.whl", hash = "sha256:53edb4da6925ad13c07b6d26c2a852bd81e364f95301c66e930ab2aef5b5ddd8"},
    {file = "MarkupSafe-2.0.1-cp39-cp39-manylinux1_x86_64.whl", hash = "sha256:f5653a225f31e113b152e56f154ccbe59eeb1c7487b39b9d9f9cdb58e6c79dc5"},
    {file = "MarkupSafe-2.0.1-cp39-cp39-manylinux2010_i686.whl", hash = "sha256:4efca8f86c54b22348a5467704e3fec767b2db12fc39c6d963168ab1d3fc9135"},
    {file = "MarkupSafe-2.0.1-cp39-cp39-manylinux2010_x86_64.whl", hash = "sha256:ab3ef638ace319fa26553db0624c4699e31a28bb2a835c5faca8f8acf6a5a902"},
    {file = "MarkupSafe-2.0.1-cp39-cp39-manylinux2014_aarch64.whl", hash = "sha256:f8ba0e8349a38d3001fae7eadded3f6606f0da5d748ee53cc1dab1d6527b9509"},
    {file = "MarkupSafe-2.0.1-cp39-cp39-manylinux_2_17_aarch64.manylinux2014_aarch64.whl", hash = "sha256:c47adbc92fc1bb2b3274c4b3a43ae0e4573d9fbff4f54cd484555edbf030baf1"},
    {file = "MarkupSafe-2.0.1-cp39-cp39-manylinux_2_5_i686.manylinux1_i686.manylinux_2_12_i686.manylinux2010_i686.whl", hash = "sha256:37205cac2a79194e3750b0af2a5720d95f786a55ce7df90c3af697bfa100eaac"},
    {file = "MarkupSafe-2.0.1-cp39-cp39-manylinux_2_5_x86_64.manylinux1_x86_64.manylinux_2_12_x86_64.manylinux2010_x86_64.whl", hash = "sha256:1f2ade76b9903f39aa442b4aadd2177decb66525062db244b35d71d0ee8599b6"},
    {file = "MarkupSafe-2.0.1-cp39-cp39-musllinux_1_1_aarch64.whl", hash = "sha256:4296f2b1ce8c86a6aea78613c34bb1a672ea0e3de9c6ba08a960efe0b0a09047"},
    {file = "MarkupSafe-2.0.1-cp39-cp39-musllinux_1_1_i686.whl", hash = "sha256:9f02365d4e99430a12647f09b6cc8bab61a6564363f313126f775eb4f6ef798e"},
    {file = "MarkupSafe-2.0.1-cp39-cp39-musllinux_1_1_x86_64.whl", hash = "sha256:5b6d930f030f8ed98e3e6c98ffa0652bdb82601e7a016ec2ab5d7ff23baa78d1"},
    {file = "MarkupSafe-2.0.1-cp39-cp39-win32.whl", hash = "sha256:10f82115e21dc0dfec9ab5c0223652f7197feb168c940f3ef61563fc2d6beb74"},
    {file = "MarkupSafe-2.0.1-cp39-cp39-win_amd64.whl", hash = "sha256:693ce3f9e70a6cf7d2fb9e6c9d8b204b6b39897a2c4a1aa65728d5ac97dcc1d8"},
    {file = "MarkupSafe-2.0.1.tar.gz", hash = "sha256:594c67807fb16238b30c44bdf74f36c02cdf22d1c8cda91ef8a0ed8dabf5620a"},
]
"minify-html 0.6.10" = [
    {file = "minify_html-0.6.10-cp37-cp37m-macosx_10_7_x86_64.whl", hash = "sha256:c72435f5416efe7aac53cfb01035a2f4d7d9692cf4a83a3bd59ad0509c157ee4"},
    {file = "minify_html-0.6.10-cp37-cp37m-manylinux2010_x86_64.whl", hash = "sha256:bc7991eb1ee23693f0bff454e8ef6438ca898b6b0189dd7b602f5ab8f57baa91"},
    {file = "minify_html-0.6.10-cp37-none-win_amd64.whl", hash = "sha256:ad8e7b85ca8fa651a0961dc04420521e003d5dcfd34cf63b16b1973f2c68eaf2"},
    {file = "minify_html-0.6.10-cp38-cp38-macosx_10_7_x86_64.whl", hash = "sha256:3e6ac1211d0315d87958ddea3e7c119a23889c63c0b49cff65d6e926aac0cfb2"},
    {file = "minify_html-0.6.10-cp38-cp38-manylinux2010_x86_64.whl", hash = "sha256:fbba1739f8d2a7ddac39e286dd04613c854acfe8d8610bb8bd6cfb7020d6314f"},
    {file = "minify_html-0.6.10-cp38-none-win_amd64.whl", hash = "sha256:bf50dda7a3e06ed8cb49006b50e0905691b584596b51c5b384308c415e1369d5"},
    {file = "minify_html-0.6.10-cp39-cp39-macosx_10_7_x86_64.whl", hash = "sha256:d0261528ce5e57b85f5ac90e30844c13cb596cddd8b67e0b8ad44f9290b3d25b"},
    {file = "minify_html-0.6.10-cp39-cp39-manylinux2010_x86_64.whl", hash = "sha256:55a1fbf76b3c08ca3483a3924b9f66345646819c7c6a3e031a4d42130f2c3b86"},
    {file = "minify_html-0.6.10-cp39-none-win_amd64.whl", hash = "sha256:bb24cf0c1bcffe3160e1a3f34c94800ef9b8a447a0582cda564538bb2ae98a2a"},
]
"pelican 4.7.1" = [
    {file = "pelican-4.7.1-py3-none-any.whl", hash = "sha256:96b05906c2f7ae1f927f5ddd29603e1dfeee3ce5b5d30fe43ccaa04534c08217"},
    {file = "pelican-4.7.1.tar.gz", hash = "sha256:5baba5db1ef378ab308a459dc9028bd9fa099b1bd109000a18d23ee8469bcce9"},
]
"pelican-related-posts 1.0.0" = [
    {file = "pelican_related_posts-1.0.0-py3-none-any.whl", hash = "sha256:0f1dcdf34f90c41f275aba428879a5fde24e166cf0154d3a07d59cc5071976d5"},
    {file = "pelican-related-posts-1.0.0.tar.gz", hash = "sha256:e106487e279368ccc7ab74609197a5f298d54f6d4e1eeb36f8bc0c2291227222"},
]
"pelican-sitemap 1.0.2" = [
    {file = "pelican_sitemap-1.0.2-py3-none-any.whl", hash = "sha256:ec930ee8182d4b905a4e5732d0b87ad84ee62ee1830b42d1b1f82bcac8e12f2b"},
    {file = "pelican-sitemap-1.0.2.tar.gz", hash = "sha256:464052dbbf3daa7183c531c486e3db872f8f74b5fcc7aa25743b7c9aefbb359a"},
]
"pelican-tag-cloud 1.0.1" = [
    {file = "pelican_tag_cloud-1.0.1-py3-none-any.whl", hash = "sha256:0dee042f01821b6142f43907d27e3041b19677483f94cc9bf3162c209dbdd834"},
    {file = "pelican-tag-cloud-1.0.1.tar.gz", hash = "sha256:bf29107e7f2cd01f7710ed992dee7e5e67becb63c7de8a24719635d439f51f25"},
]
"pygments 2.10.0" = [
    {file = "Pygments-2.10.0-py3-none-any.whl", hash = "sha256:b8e67fe6af78f492b3c4b3e2970c0624cbf08beb1e493b2c99b9fa1b67a20380"},
    {file = "Pygments-2.10.0.tar.gz", hash = "sha256:f398865f7eb6874156579fdf36bc840a03cab64d1cde9e93d68f46a425ec52c6"},
]
"python-dateutil 2.8.2" = [
    {file = "python_dateutil-2.8.2-py2.py3-none-any.whl", hash = "sha256:961d03dc3453ebbc59dbdea9e4e11c5651520a876d0f4db161e8674aae935da9"},
    {file = "python-dateutil-2.8.2.tar.gz", hash = "sha256:0123cacc1627ae19ddf3c27a5de5bd67ee4586fbdd6440d9748f8abb483d3e86"},
]
"pytz 2021.3" = [
    {file = "pytz-2021.3-py2.py3-none-any.whl", hash = "sha256:3672058bc3453457b622aab7a1c3bfd5ab0bdae451512f6cf25f64ed37f5b87c"},
    {file = "pytz-2021.3.tar.gz", hash = "sha256:acad2d8b20a1af07d4e4c9d2e9285c5ed9104354062f275f3fcd88dcef4f1326"},
]
"requests 2.26.0" = [
    {file = "requests-2.26.0-py2.py3-none-any.whl", hash = "sha256:6c1246513ecd5ecd4528a0906f910e8f0f9c6b8ec72030dc9fd154dc1a6efd24"},
    {file = "requests-2.26.0.tar.gz", hash = "sha256:b8aa58f8cf793ffd8782d3d8cb19e66ef36f7aba4353eec859e74678b01b07a7"},
]
"rich 10.12.0" = [
    {file = "rich-10.12.0-py3-none-any.whl", hash = "sha256:c30d6808d1cd3defd56a7bd2d587d13e53b5f55de6cf587f035bcbb56bc3f37b"},
    {file = "rich-10.12.0.tar.gz", hash = "sha256:83fb3eff778beec3c55201455c17cccde1ccdf66d5b4dade8ef28f56b50c4bd4"},
]
"six 1.16.0" = [
    {file = "six-1.16.0-py2.py3-none-any.whl", hash = "sha256:8abb2f1d86890a2dfb989f9a77cfcfd3e47c2a354b01111771326f8aa26e0254"},
    {file = "six-1.16.0.tar.gz", hash = "sha256:1e61c37477a1626458e36f7b1d82aa5c9b094fa4802892072e49de9c60c4c926"},
]
"unidecode 1.3.2" = [
    {file = "Unidecode-1.3.2-py3-none-any.whl", hash = "sha256:215fe33c9d1c889fa823ccb66df91b02524eb8cc8c9c80f9c5b8129754d27829"},
    {file = "Unidecode-1.3.2.tar.gz", hash = "sha256:669898c1528912bcf07f9819dc60df18d057f7528271e31f8ec28cc88ef27504"},
]
"urllib3 1.26.7" = [
    {file = "urllib3-1.26.7-py2.py3-none-any.whl", hash = "sha256:c4fdf4019605b6e5423637e01bc9fe4daef873709a7973e195ceba0a62bbc844"},
    {file = "urllib3-1.26.7.tar.gz", hash = "sha256:4987c65554f7a2dbf30c18fd48778ef124af6fab771a377103da0585e2336ece"},
]
